
Microsoft Visual Studio Solution File, Format Version 12.00
# Visual Studio 15
VisualStudioVersion = 15.0.28010.2019
MinimumVisualStudioVersion = 10.0.40219.1
Project("{FAE04EC0-301F-11D3-BF4B-00C04F79EFBC}") = "Lab.Android", "Lab\Lab.Android\Lab.Android.csproj", "{DB7EC72E-110B-42F0-8827-DC83EB73726C}"
EndProject
Project("{FAE04EC0-301F-11D3-BF4B-00C04F79EFBC}") = "Lab", "Lab\Lab\Lab.csproj", "{CA1DF477-F5CA-4411-B6A7-8D220708C505}"
EndProject
Global
	GlobalSection(SolutionConfigurationPlatforms) = preSolution
		Debug|Any CPU = Debug|Any CPU
		Release|Any CPU = Release|Any CPU
	EndGlobalSection
	GlobalSection(ProjectConfigurationPlatforms) = postSolution
		{DB7EC72E-110B-42F0-8827-DC83EB73726C}.Debug|Any CPU.ActiveCfg = Debug|Any CPU
		{DB7EC72E-110B-42F0-8827-DC83EB73726C}.Debug|Any CPU.Build.0 = Debug|Any CPU
		{DB7EC72E-110B-42F0-8827-DC83EB73726C}.Debug|Any CPU.Deploy.0 = Debug|Any CPU
		{DB7EC72E-110B-42F0-8827-DC83EB73726C}.Release|Any CPU.ActiveCfg = Release|Any CPU
		{DB7EC72E-110B-42F0-8827-DC83EB73726C}.Release|Any CPU.Build.0 = Release|Any CPU
		{DB7EC72E-110B-42F0-8827-DC83EB73726C}.Release|Any CPU.Deploy.0 = Release|Any CPU
		{CA1DF477-F5CA-4411-B6A7-8D220708C505}.Debug|Any CPU.ActiveCfg = Debug|Any CPU
		{CA1DF477-F5CA-4411-B6A7-8D220708C505}.Debug|Any CPU.Build.0 = Debug|Any CPU
		{CA1DF477-F5CA-4411-B6A7-8D220708C505}.Debug|Any CPU.Deploy.0 = Debug|Any CPU
		{CA1DF477-F5CA-4411-B6A7-8D220708C505}.Release|Any CPU.ActiveCfg = Release|Any CPU
		{CA1DF477-F5CA-4411-B6A7-8D220708C505}.Release|Any CPU.Build.0 = Release|Any CPU
		{CA1DF477-F5CA-4411-B6A7-8D220708C505}.Release|Any CPU.Deploy.0 = Release|Any CPU
	EndGlobalSection
	GlobalSection(SolutionProperties) = preSolution
		HideSolutionNode = FALSE
	EndGlobalSection
	GlobalSection(ExtensibilityGlobals) = postSolution
		SolutionGuid = {E4C4473D-CA1D-474A-8326-D64AC8424CDE}
	EndGlobalSection
EndGlobal
